
Microsoft Visual Studio Solution File, Format Version 12.00
# Visual Studio Version 17
VisualStudioVersion = 17.7.34221.43
MinimumVisualStudioVersion = 10.0.40219.1
Project("{FAE04EC0-301F-11D3-BF4B-00C04F79EFBC}") = "SafetyStatus", "SafetyStatus.csproj", "{E186164C-D5AE-4AEB-929C-023F0089A8B1}"
EndProject
Global
	GlobalSection(SolutionConfigurationPlatforms) = preSolution
		Debug|Any CPU = Debug|Any CPU
		Release|Any CPU = Release|Any CPU
	EndGlobalSection
	GlobalSection(ProjectConfigurationPlatforms) = postSolution
		{E186164C-D5AE-4AEB-929C-023F0089A8B1}.Debug|Any CPU.ActiveCfg = Debug|Any CPU
		{E186164C-D5AE-4AEB-929C-023F0089A8B1}.Debug|Any CPU.Build.0 = Debug|Any CPU
		{E186164C-D5AE-4AEB-929C-023F0089A8B1}.Release|Any CPU.ActiveCfg = Release|Any CPU
		{E186164C-D5AE-4AEB-929C-023F0089A8B1}.Release|Any CPU.Build.0 = Release|Any CPU
	EndGlobalSection
	GlobalSection(SolutionProperties) = preSolution
		HideSolutionNode = FALSE
	EndGlobalSection
	GlobalSection(ExtensibilityGlobals) = postSolution
		SolutionGuid = {F9DC2E37-E29C-4AF8-98B5-292A4CC11341}
	EndGlobalSection
EndGlobal
